
Microsoft Visual Studio Solution File, Format Version 12.00
# Visual Studio 15
VisualStudioVersion = 15.0.26730.15
MinimumVisualStudioVersion = 10.0.40219.1
Project("{FAE04EC0-301F-11D3-BF4B-00C04F79EFBC}") = "ResilientHttpClientApp.Android", "ResilientHttpClientApp\ResilientHttpClientApp.Android\ResilientHttpClientApp.Android.csproj", "{502B7148-DD8B-4524-85D0-214444202E16}"
EndProject
Project("{FAE04EC0-301F-11D3-BF4B-00C04F79EFBC}") = "ResilientHttpClientApp", "ResilientHttpClientApp\ResilientHttpClientApp\ResilientHttpClientApp.csproj", "{1C70C634-9B68-4D8B-A247-78C5B44EF9D8}"
EndProject
Project("{FAE04EC0-301F-11D3-BF4B-00C04F79EFBC}") = "ResilientHttpClientApp.UWP", "ResilientHttpClientApp\ResilientHttpClientApp.UWP\ResilientHttpClientApp.UWP.csproj", "{2D05B604-6943-48A4-A0AE-686726AE884E}"
EndProject
Project("{FAE04EC0-301F-11D3-BF4B-00C04F79EFBC}") = "ResilientHttpClientApp.iOS", "ResilientHttpClientApp\ResilientHttpClientApp.iOS\ResilientHttpClientApp.iOS.csproj", "{6FB8992C-73FD-4354-A30A-F10C81102F13}"
EndProject
Project("{FAE04EC0-301F-11D3-BF4B-00C04F79EFBC}") = "ResilientHttpClientApp.Std", "ResilientHttpClientApp.Std\ResilientHttpClientApp.Std.csproj", "{AA2C925A-A82F-400E-8B84-9F3024A48BA9}"
EndProject
Global
	GlobalSection(SolutionConfigurationPlatforms) = preSolution
		Ad-Hoc|Any CPU = Ad-Hoc|Any CPU
		Ad-Hoc|ARM = Ad-Hoc|ARM
		Ad-Hoc|iPhone = Ad-Hoc|iPhone
		Ad-Hoc|iPhoneSimulator = Ad-Hoc|iPhoneSimulator
		Ad-Hoc|x64 = Ad-Hoc|x64
		Ad-Hoc|x86 = Ad-Hoc|x86
		AppStore|Any CPU = AppStore|Any CPU
		AppStore|ARM = AppStore|ARM
		AppStore|iPhone = AppStore|iPhone
		AppStore|iPhoneSimulator = AppStore|iPhoneSimulator
		AppStore|x64 = AppStore|x64
		AppStore|x86 = AppStore|x86
		Debug|Any CPU = Debug|Any CPU
		Debug|ARM = Debug|ARM
		Debug|iPhone = Debug|iPhone
		Debug|iPhoneSimulator = Debug|iPhoneSimulator
		Debug|x64 = Debug|x64
		Debug|x86 = Debug|x86
		Release|Any CPU = Release|Any CPU
		Release|ARM = Release|ARM
		Release|iPhone = Release|iPhone
		Release|iPhoneSimulator = Release|iPhoneSimulator
		Release|x64 = Release|x64
		Release|x86 = Release|x86
	EndGlobalSection
	GlobalSection(ProjectConfigurationPlatforms) = postSolution
		{502B7148-DD8B-4524-85D0-214444202E16}.Ad-Hoc|Any CPU.ActiveCfg = Release|Any CPU
		{502B7148-DD8B-4524-85D0-214444202E16}.Ad-Hoc|Any CPU.Build.0 = Release|Any CPU
		{502B7148-DD8B-4524-85D0-214444202E16}.Ad-Hoc|Any CPU.Deploy.0 = Release|Any CPU
		{502B7148-DD8B-4524-85D0-214444202E16}.Ad-Hoc|ARM.ActiveCfg = Release|Any CPU
		{502B7148-DD8B-4524-85D0-214444202E16}.Ad-Hoc|ARM.Build.0 = Release|Any CPU
		{502B7148-DD8B-4524-85D0-214444202E16}.Ad-Hoc|ARM.Deploy.0 = Release|Any CPU
		{502B7148-DD8B-4524-85D0-214444202E16}.Ad-Hoc|iPhone.ActiveCfg = Release|Any CPU
		{502B7148-DD8B-4524-85D0-214444202E16}.Ad-Hoc|iPhone.Build.0 = Release|Any CPU
		{502B7148-DD8B-4524-85D0-214444202E16}.Ad-Hoc|iPhone.Deploy.0 = Release|Any CPU
		{502B7148-DD8B-4524-85D0-214444202E16}.Ad-Hoc|iPhoneSimulator.ActiveCfg = Release|Any CPU
		{502B7148-DD8B-4524-85D0-214444202E16}.Ad-Hoc|iPhoneSimulator.Build.0 = Release|Any CPU
		{502B7148-DD8B-4524-85D0-214444202E16}.Ad-Hoc|iPhoneSimulator.Deploy.0 = Release|Any CPU
		{502B7148-DD8B-4524-85D0-214444202E16}.Ad-Hoc|x64.ActiveCfg = Release|Any CPU
		{502B7148-DD8B-4524-85D0-214444202E16}.Ad-Hoc|x64.Build.0 = Release|Any CPU
		{502B7148-DD8B-4524-85D0-214444202E16}.Ad-Hoc|x64.Deploy.0 = Release|Any CPU
		{502B7148-DD8B-4524-85D0-214444202E16}.Ad-Hoc|x86.ActiveCfg = Release|Any CPU
		{502B7148-DD8B-4524-85D0-214444202E16}.Ad-Hoc|x86.Build.0 = Release|Any CPU
		{502B7148-DD8B-4524-85D0-214444202E16}.Ad-Hoc|x86.Deploy.0 = Release|Any CPU
		{502B7148-DD8B-4524-85D0-214444202E16}.AppStore|Any CPU.ActiveCfg = Release|Any CPU
		{502B7148-DD8B-4524-85D0-214444202E16}.AppStore|Any CPU.Build.0 = Release|Any CPU
		{502B7148-DD8B-4524-85D0-214444202E16}.AppStore|Any CPU.Deploy.0 = Release|Any CPU
		{502B7148-DD8B-4524-85D0-214444202E16}.AppStore|ARM.ActiveCfg = Release|Any CPU
		{502B7148-DD8B-4524-85D0-214444202E16}.AppStore|ARM.Build.0 = Release|Any CPU
		{502B7148-DD8B-4524-85D0-214444202E16}.AppStore|ARM.Deploy.0 = Release|Any CPU
		{502B7148-DD8B-4524-85D0-214444202E16}.AppStore|iPhone.ActiveCfg = Release|Any CPU
		{502B7148-DD8B-4524-85D0-214444202E16}.AppStore|iPhone.Build.0 = Release|Any CPU
		{502B7148-DD8B-4524-85D0-214444202E16}.AppStore|iPhone.Deploy.0 = Release|Any CPU
		{502B7148-DD8B-4524-85D0-214444202E16}.AppStore|iPhoneSimulator.ActiveCfg = Release|Any CPU
		{502B7148-DD8B-4524-85D0-214444202E16}.AppStore|iPhoneSimulator.Build.0 = Release|Any CPU
		{502B7148-DD8B-4524-85D0-214444202E16}.AppStore|iPhoneSimulator.Deploy.0 = Release|Any CPU
		{502B7148-DD8B-4524-85D0-214444202E16}.AppStore|x64.ActiveCfg = Release|Any CPU
		{502B7148-DD8B-4524-85D0-214444202E16}.AppStore|x64.Build.0 = Release|Any CPU
		{502B7148-DD8B-4524-85D0-214444202E16}.AppStore|x64.Deploy.0 = Release|Any CPU
		{502B7148-DD8B-4524-85D0-214444202E16}.AppStore|x86.ActiveCfg = Release|Any CPU
		{502B7148-DD8B-4524-85D0-214444202E16}.AppStore|x86.Build.0 = Release|Any CPU
		{502B7148-DD8B-4524-85D0-214444202E16}.AppStore|x86.Deploy.0 = Release|Any CPU
		{502B7148-DD8B-4524-85D0-214444202E16}.Debug|Any CPU.ActiveCfg = Debug|Any CPU
		{502B7148-DD8B-4524-85D0-214444202E16}.Debug|Any CPU.Build.0 = Debug|Any CPU
		{502B7148-DD8B-4524-85D0-214444202E16}.Debug|Any CPU.Deploy.0 = Debug|Any CPU
		{502B7148-DD8B-4524-85D0-214444202E16}.Debug|ARM.ActiveCfg = Debug|Any CPU
		{502B7148-DD8B-4524-85D0-214444202E16}.Debug|ARM.Build.0 = Debug|Any CPU
		{502B7148-DD8B-4524-85D0-214444202E16}.Debug|ARM.Deploy.0 = Debug|Any CPU
		{502B7148-DD8B-4524-85D0-214444202E16}.Debug|iPhone.ActiveCfg = Debug|Any CPU
		{502B7148-DD8B-4524-85D0-214444202E16}.Debug|iPhone.Build.0 = Debug|Any CPU
		{502B7148-DD8B-4524-85D0-214444202E16}.Debug|iPhone.Deploy.0 = Debug|Any CPU
		{502B7148-DD8B-4524-85D0-214444202E16}.Debug|iPhoneSimulator.ActiveCfg = Debug|Any CPU
		{502B7148-DD8B-4524-85D0-214444202E16}.Debug|iPhoneSimulator.Build.0 = Debug|Any CPU
		{502B7148-DD8B-4524-85D0-214444202E16}.Debug|iPhoneSimulator.Deploy.0 = Debug|Any CPU
		{502B7148-DD8B-4524-85D0-214444202E16}.Debug|x64.ActiveCfg = Debug|Any CPU
		{502B7148-DD8B-4524-85D0-214444202E16}.Debug|x64.Build.0 = Debug|Any CPU
		{502B7148-DD8B-4524-85D0-214444202E16}.Debug|x64.Deploy.0 = Debug|Any CPU
		{502B7148-DD8B-4524-85D0-214444202E16}.Debug|x86.ActiveCfg = Debug|Any CPU
		{502B7148-DD8B-4524-85D0-214444202E16}.Debug|x86.Build.0 = Debug|Any CPU
		{502B7148-DD8B-4524-85D0-214444202E16}.Debug|x86.Deploy.0 = Debug|Any CPU
		{502B7148-DD8B-4524-85D0-214444202E16}.Release|Any CPU.ActiveCfg = Release|Any CPU
		{502B7148-DD8B-4524-85D0-214444202E16}.Release|Any CPU.Build.0 = Release|Any CPU
		{502B7148-DD8B-4524-85D0-214444202E16}.Release|Any CPU.Deploy.0 = Release|Any CPU
		{502B7148-DD8B-4524-85D0-214444202E16}.Release|ARM.ActiveCfg = Release|Any CPU
		{502B7148-DD8B-4524-85D0-214444202E16}.Release|ARM.Build.0 = Release|Any CPU
		{502B7148-DD8B-4524-85D0-214444202E16}.Release|ARM.Deploy.0 = Release|Any CPU
		{502B7148-DD8B-4524-85D0-214444202E16}.Release|iPhone.ActiveCfg = Release|Any CPU
		{502B7148-DD8B-4524-85D0-214444202E16}.Release|iPhone.Build.0 = Release|Any CPU
		{502B7148-DD8B-4524-85D0-214444202E16}.Release|iPhone.Deploy.0 = Release|Any CPU
		{502B7148-DD8B-4524-85D0-214444202E16}.Release|iPhoneSimulator.ActiveCfg = Release|Any CPU
		{502B7148-DD8B-4524-85D0-214444202E16}.Release|iPhoneSimulator.Build.0 = Release|Any CPU
		{502B7148-DD8B-4524-85D0-214444202E16}.Release|iPhoneSimulator.Deploy.0 = Release|Any CPU
		{502B7148-DD8B-4524-85D0-214444202E16}.Release|x64.ActiveCfg = Release|Any CPU
		{502B7148-DD8B-4524-85D0-214444202E16}.Release|x64.Build.0 = Release|Any CPU
		{502B7148-DD8B-4524-85D0-214444202E16}.Release|x64.Deploy.0 = Release|Any CPU
		{502B7148-DD8B-4524-85D0-214444202E16}.Release|x86.ActiveCfg = Release|Any CPU
		{502B7148-DD8B-4524-85D0-214444202E16}.Release|x86.Build.0 = Release|Any CPU
		{502B7148-DD8B-4524-85D0-214444202E16}.Release|x86.Deploy.0 = Release|Any CPU
		{1C70C634-9B68-4D8B-A247-78C5B44EF9D8}.Ad-Hoc|Any CPU.ActiveCfg = Release|Any CPU
		{1C70C634-9B68-4D8B-A247-78C5B44EF9D8}.Ad-Hoc|Any CPU.Build.0 = Release|Any CPU
		{1C70C634-9B68-4D8B-A247-78C5B44EF9D8}.Ad-Hoc|ARM.ActiveCfg = Release|Any CPU
		{1C70C634-9B68-4D8B-A247-78C5B44EF9D8}.Ad-Hoc|ARM.Build.0 = Release|Any CPU
		{1C70C634-9B68-4D8B-A247-78C5B44EF9D8}.Ad-Hoc|iPhone.ActiveCfg = Release|Any CPU
		{1C70C634-9B68-4D8B-A247-78C5B44EF9D8}.Ad-Hoc|iPhone.Build.0 = Release|Any CPU
		{1C70C634-9B68-4D8B-A247-78C5B44EF9D8}.Ad-Hoc|iPhoneSimulator.ActiveCfg = Release|Any CPU
		{1C70C634-9B68-4D8B-A247-78C5B44EF9D8}.Ad-Hoc|iPhoneSimulator.Build.0 = Release|Any CPU
		{1C70C634-9B68-4D8B-A247-78C5B44EF9D8}.Ad-Hoc|x64.ActiveCfg = Release|Any CPU
		{1C70C634-9B68-4D8B-A247-78C5B44EF9D8}.Ad-Hoc|x64.Build.0 = Release|Any CPU
		{1C70C634-9B68-4D8B-A247-78C5B44EF9D8}.Ad-Hoc|x86.ActiveCfg = Release|Any CPU
		{1C70C634-9B68-4D8B-A247-78C5B44EF9D8}.Ad-Hoc|x86.Build.0 = Release|Any CPU
		{1C70C634-9B68-4D8B-A247-78C5B44EF9D8}.AppStore|Any CPU.ActiveCfg = Release|Any CPU
		{1C70C634-9B68-4D8B-A247-78C5B44EF9D8}.AppStore|Any CPU.Build.0 = Release|Any CPU
		{1C70C634-9B68-4D8B-A247-78C5B44EF9D8}.AppStore|ARM.ActiveCfg = Release|Any CPU
		{1C70C634-9B68-4D8B-A247-78C5B44EF9D8}.AppStore|ARM.Build.0 = Release|Any CPU
		{1C70C634-9B68-4D8B-A247-78C5B44EF9D8}.AppStore|iPhone.ActiveCfg = Release|Any CPU
		{1C70C634-9B68-4D8B-A247-78C5B44EF9D8}.AppStore|iPhone.Build.0 = Release|Any CPU
		{1C70C634-9B68-4D8B-A247-78C5B44EF9D8}.AppStore|iPhoneSimulator.ActiveCfg = Release|Any CPU
		{1C70C634-9B68-4D8B-A247-78C5B44EF9D8}.AppStore|iPhoneSimulator.Build.0 = Release|Any CPU
		{1C70C634-9B68-4D8B-A247-78C5B44EF9D8}.AppStore|x64.ActiveCfg = Release|Any CPU
		{1C70C634-9B68-4D8B-A247-78C5B44EF9D8}.AppStore|x64.Build.0 = Release|Any CPU
		{1C70C634-9B68-4D8B-A247-78C5B44EF9D8}.AppStore|x86.ActiveCfg = Release|Any CPU
		{1C70C634-9B68-4D8B-A247-78C5B44EF9D8}.AppStore|x86.Build.0 = Release|Any CPU
		{1C70C634-9B68-4D8B-A247-78C5B44EF9D8}.Debug|Any CPU.ActiveCfg = Debug|Any CPU
		{1C70C634-9B68-4D8B-A247-78C5B44EF9D8}.Debug|Any CPU.Build.0 = Debug|Any CPU
		{1C70C634-9B68-4D8B-A247-78C5B44EF9D8}.Debug|ARM.ActiveCfg = Debug|Any CPU
		{1C70C634-9B68-4D8B-A247-78C5B44EF9D8}.Debug|ARM.Build.0 = Debug|Any CPU
		{1C70C634-9B68-4D8B-A247-78C5B44EF9D8}.Debug|iPhone.ActiveCfg = Debug|Any CPU
		{1C70C634-9B68-4D8B-A247-78C5B44EF9D8}.Debug|iPhone.Build.0 = Debug|Any CPU
		{1C70C634-9B68-4D8B-A247-78C5B44EF9D8}.Debug|iPhoneSimulator.ActiveCfg = Debug|Any CPU
		{1C70C634-9B68-4D8B-A247-78C5B44EF9D8}.Debug|iPhoneSimulator.Build.0 = Debug|Any CPU
		{1C70C634-9B68-4D8B-A247-78C5B44EF9D8}.Debug|x64.ActiveCfg = Debug|Any CPU
		{1C70C634-9B68-4D8B-A247-78C5B44EF9D8}.Debug|x64.Build.0 = Debug|Any CPU
		{1C70C634-9B68-4D8B-A247-78C5B44EF9D8}.Debug|x86.ActiveCfg = Debug|Any CPU
		{1C70C634-9B68-4D8B-A247-78C5B44EF9D8}.Debug|x86.Build.0 = Debug|Any CPU
		{1C70C634-9B68-4D8B-A247-78C5B44EF9D8}.Release|Any CPU.ActiveCfg = Release|Any CPU
		{1C70C634-9B68-4D8B-A247-78C5B44EF9D8}.Release|Any CPU.Build.0 = Release|Any CPU
		{1C70C634-9B68-4D8B-A247-78C5B44EF9D8}.Release|ARM.ActiveCfg = Release|Any CPU
		{1C70C634-9B68-4D8B-A247-78C5B44EF9D8}.Release|ARM.Build.0 = Release|Any CPU
		{1C70C634-9B68-4D8B-A247-78C5B44EF9D8}.Release|iPhone.ActiveCfg = Release|Any CPU
		{1C70C634-9B68-4D8B-A247-78C5B44EF9D8}.Release|iPhone.Build.0 = Release|Any CPU
		{1C70C634-9B68-4D8B-A247-78C5B44EF9D8}.Release|iPhoneSimulator.ActiveCfg = Release|Any CPU
		{1C70C634-9B68-4D8B-A247-78C5B44EF9D8}.Release|iPhoneSimulator.Build.0 = Release|Any CPU
		{1C70C634-9B68-4D8B-A247-78C5B44EF9D8}.Release|x64.ActiveCfg = Release|Any CPU
		{1C70C634-9B68-4D8B-A247-78C5B44EF9D8}.Release|x64.Build.0 = Release|Any CPU
		{1C70C634-9B68-4D8B-A247-78C5B44EF9D8}.Release|x86.ActiveCfg = Release|Any CPU
		{1C70C634-9B68-4D8B-A247-78C5B44EF9D8}.Release|x86.Build.0 = Release|Any CPU
		{2D05B604-6943-48A4-A0AE-686726AE884E}.Ad-Hoc|Any CPU.ActiveCfg = Release|x86
		{2D05B604-6943-48A4-A0AE-686726AE884E}.Ad-Hoc|Any CPU.Build.0 = Release|x86
		{2D05B604-6943-48A4-A0AE-686726AE884E}.Ad-Hoc|Any CPU.Deploy.0 = Release|x86
		{2D05B604-6943-48A4-A0AE-686726AE884E}.Ad-Hoc|ARM.ActiveCfg = Release|ARM
		{2D05B604-6943-48A4-A0AE-686726AE884E}.Ad-Hoc|ARM.Build.0 = Release|ARM
		{2D05B604-6943-48A4-A0AE-686726AE884E}.Ad-Hoc|ARM.Deploy.0 = Release|ARM
		{2D05B604-6943-48A4-A0AE-686726AE884E}.Ad-Hoc|iPhone.ActiveCfg = Release|x86
		{2D05B604-6943-48A4-A0AE-686726AE884E}.Ad-Hoc|iPhone.Build.0 = Release|x86
		{2D05B604-6943-48A4-A0AE-686726AE884E}.Ad-Hoc|iPhone.Deploy.0 = Release|x86
		{2D05B604-6943-48A4-A0AE-686726AE884E}.Ad-Hoc|iPhoneSimulator.ActiveCfg = Release|x86
		{2D05B604-6943-48A4-A0AE-686726AE884E}.Ad-Hoc|iPhoneSimulator.Build.0 = Release|x86
		{2D05B604-6943-48A4-A0AE-686726AE884E}.Ad-Hoc|iPhoneSimulator.Deploy.0 = Release|x86
		{2D05B604-6943-48A4-A0AE-686726AE884E}.Ad-Hoc|x64.ActiveCfg = Release|x64
		{2D05B604-6943-48A4-A0AE-686726AE884E}.Ad-Hoc|x64.Build.0 = Release|x64
		{2D05B604-6943-48A4-A0AE-686726AE884E}.Ad-Hoc|x64.Deploy.0 = Release|x64
		{2D05B604-6943-48A4-A0AE-686726AE884E}.Ad-Hoc|x86.ActiveCfg = Release|x86
		{2D05B604-6943-48A4-A0AE-686726AE884E}.Ad-Hoc|x86.Build.0 = Release|x86
		{2D05B604-6943-48A4-A0AE-686726AE884E}.Ad-Hoc|x86.Deploy.0 = Release|x86
		{2D05B604-6943-48A4-A0AE-686726AE884E}.AppStore|Any CPU.ActiveCfg = Release|x86
		{2D05B604-6943-48A4-A0AE-686726AE884E}.AppStore|Any CPU.Build.0 = Release|x86
		{2D05B604-6943-48A4-A0AE-686726AE884E}.AppStore|Any CPU.Deploy.0 = Release|x86
		{2D05B604-6943-48A4-A0AE-686726AE884E}.AppStore|ARM.ActiveCfg = Release|ARM
		{2D05B604-6943-48A4-A0AE-686726AE884E}.AppStore|ARM.Build.0 = Release|ARM
		{2D05B604-6943-48A4-A0AE-686726AE884E}.AppStore|ARM.Deploy.0 = Release|ARM
		{2D05B604-6943-48A4-A0AE-686726AE884E}.AppStore|iPhone.ActiveCfg = Release|x86
		{2D05B604-6943-48A4-A0AE-686726AE884E}.AppStore|iPhone.Build.0 = Release|x86
		{2D05B604-6943-48A4-A0AE-686726AE884E}.AppStore|iPhone.Deploy.0 = Release|x86
		{2D05B604-6943-48A4-A0AE-686726AE884E}.AppStore|iPhoneSimulator.ActiveCfg = Release|x86
		{2D05B604-6943-48A4-A0AE-686726AE884E}.AppStore|iPhoneSimulator.Build.0 = Release|x86
		{2D05B604-6943-48A4-A0AE-686726AE884E}.AppStore|iPhoneSimulator.Deploy.0 = Release|x86
		{2D05B604-6943-48A4-A0AE-686726AE884E}.AppStore|x64.ActiveCfg = Release|x64
		{2D05B604-6943-48A4-A0AE-686726AE884E}.AppStore|x64.Build.0 = Release|x64
		{2D05B604-6943-48A4-A0AE-686726AE884E}.AppStore|x64.Deploy.0 = Release|x64
		{2D05B604-6943-48A4-A0AE-686726AE884E}.AppStore|x86.ActiveCfg = Release|x86
		{2D05B604-6943-48A4-A0AE-686726AE884E}.AppStore|x86.Build.0 = Release|x86
		{2D05B604-6943-48A4-A0AE-686726AE884E}.AppStore|x86.Deploy.0 = Release|x86
		{2D05B604-6943-48A4-A0AE-686726AE884E}.Debug|Any CPU.ActiveCfg = Debug|x86
		{2D05B604-6943-48A4-A0AE-686726AE884E}.Debug|ARM.ActiveCfg = Debug|ARM
		{2D05B604-6943-48A4-A0AE-686726AE884E}.Debug|ARM.Build.0 = Debug|ARM
		{2D05B604-6943-48A4-A0AE-686726AE884E}.Debug|ARM.Deploy.0 = Debug|ARM
		{2D05B604-6943-48A4-A0AE-686726AE884E}.Debug|iPhone.ActiveCfg = Debug|x86
		{2D05B604-6943-48A4-A0AE-686726AE884E}.Debug|iPhoneSimulator.ActiveCfg = Debug|x86
		{2D05B604-6943-48A4-A0AE-686726AE884E}.Debug|x64.ActiveCfg = Debug|x64
		{2D05B604-6943-48A4-A0AE-686726AE884E}.Debug|x64.Build.0 = Debug|x64
		{2D05B604-6943-48A4-A0AE-686726AE884E}.Debug|x64.Deploy.0 = Debug|x64
		{2D05B604-6943-48A4-A0AE-686726AE884E}.Debug|x86.ActiveCfg = Debug|x86
		{2D05B604-6943-48A4-A0AE-686726AE884E}.Debug|x86.Build.0 = Debug|x86
		{2D05B604-6943-48A4-A0AE-686726AE884E}.Debug|x86.Deploy.0 = Debug|x86
		{2D05B604-6943-48A4-A0AE-686726AE884E}.Release|Any CPU.ActiveCfg = Release|x86
		{2D05B604-6943-48A4-A0AE-686726AE884E}.Release|ARM.ActiveCfg = Release|ARM
		{2D05B604-6943-48A4-A0AE-686726AE884E}.Release|ARM.Build.0 = Release|ARM
		{2D05B604-6943-48A4-A0AE-686726AE884E}.Release|ARM.Deploy.0 = Release|ARM
		{2D05B604-6943-48A4-A0AE-686726AE884E}.Release|iPhone.ActiveCfg = Release|x86
		{2D05B604-6943-48A4-A0AE-686726AE884E}.Release|iPhoneSimulator.ActiveCfg = Release|x86
		{2D05B604-6943-48A4-A0AE-686726AE884E}.Release|x64.ActiveCfg = Release|x64
		{2D05B604-6943-48A4-A0AE-686726AE884E}.Release|x64.Build.0 = Release|x64
		{2D05B604-6943-48A4-A0AE-686726AE884E}.Release|x64.Deploy.0 = Release|x64
		{2D05B604-6943-48A4-A0AE-686726AE884E}.Release|x86.ActiveCfg = Release|x86
		{2D05B604-6943-48A4-A0AE-686726AE884E}.Release|x86.Build.0 = Release|x86
		{2D05B604-6943-48A4-A0AE-686726AE884E}.Release|x86.Deploy.0 = Release|x86
		{6FB8992C-73FD-4354-A30A-F10C81102F13}.Ad-Hoc|Any CPU.ActiveCfg = Ad-Hoc|iPhone
		{6FB8992C-73FD-4354-A30A-F10C81102F13}.Ad-Hoc|ARM.ActiveCfg = Ad-Hoc|iPhone
		{6FB8992C-73FD-4354-A30A-F10C81102F13}.Ad-Hoc|iPhone.ActiveCfg = Ad-Hoc|iPhone
		{6FB8992C-73FD-4354-A30A-F10C81102F13}.Ad-Hoc|iPhone.Build.0 = Ad-Hoc|iPhone
		{6FB8992C-73FD-4354-A30A-F10C81102F13}.Ad-Hoc|iPhoneSimulator.ActiveCfg = Ad-Hoc|iPhoneSimulator
		{6FB8992C-73FD-4354-A30A-F10C81102F13}.Ad-Hoc|iPhoneSimulator.Build.0 = Ad-Hoc|iPhoneSimulator
		{6FB8992C-73FD-4354-A30A-F10C81102F13}.Ad-Hoc|x64.ActiveCfg = Ad-Hoc|iPhone
		{6FB8992C-73FD-4354-A30A-F10C81102F13}.Ad-Hoc|x86.ActiveCfg = Ad-Hoc|iPhone
		{6FB8992C-73FD-4354-A30A-F10C81102F13}.AppStore|Any CPU.ActiveCfg = AppStore|iPhone
		{6FB8992C-73FD-4354-A30A-F10C81102F13}.AppStore|ARM.ActiveCfg = AppStore|iPhone
		{6FB8992C-73FD-4354-A30A-F10C81102F13}.AppStore|iPhone.ActiveCfg = AppStore|iPhone
		{6FB8992C-73FD-4354-A30A-F10C81102F13}.AppStore|iPhone.Build.0 = AppStore|iPhone
		{6FB8992C-73FD-4354-A30A-F10C81102F13}.AppStore|iPhoneSimulator.ActiveCfg = AppStore|iPhoneSimulator
		{6FB8992C-73FD-4354-A30A-F10C81102F13}.AppStore|iPhoneSimulator.Build.0 = AppStore|iPhoneSimulator
		{6FB8992C-73FD-4354-A30A-F10C81102F13}.AppStore|x64.ActiveCfg = AppStore|iPhone
		{6FB8992C-73FD-4354-A30A-F10C81102F13}.AppStore|x86.ActiveCfg = AppStore|iPhone
		{6FB8992C-73FD-4354-A30A-F10C81102F13}.Debug|Any CPU.ActiveCfg = Debug|iPhone
		{6FB8992C-73FD-4354-A30A-F10C81102F13}.Debug|ARM.ActiveCfg = Debug|iPhone
		{6FB8992C-73FD-4354-A30A-F10C81102F13}.Debug|iPhone.ActiveCfg = Debug|iPhone
		{6FB8992C-73FD-4354-A30A-F10C81102F13}.Debug|iPhone.Build.0 = Debug|iPhone
		{6FB8992C-73FD-4354-A30A-F10C81102F13}.Debug|iPhoneSimulator.ActiveCfg = Debug|iPhoneSimulator
		{6FB8992C-73FD-4354-A30A-F10C81102F13}.Debug|iPhoneSimulator.Build.0 = Debug|iPhoneSimulator
		{6FB8992C-73FD-4354-A30A-F10C81102F13}.Debug|x64.ActiveCfg = Debug|iPhone
		{6FB8992C-73FD-4354-A30A-F10C81102F13}.Debug|x86.ActiveCfg = Debug|iPhone
		{6FB8992C-73FD-4354-A30A-F10C81102F13}.Release|Any CPU.ActiveCfg = Release|iPhone
		{6FB8992C-73FD-4354-A30A-F10C81102F13}.Release|ARM.ActiveCfg = Release|iPhone
		{6FB8992C-73FD-4354-A30A-F10C81102F13}.Release|iPhone.ActiveCfg = Release|iPhone
		{6FB8992C-73FD-4354-A30A-F10C81102F13}.Release|iPhone.Build.0 = Release|iPhone
		{6FB8992C-73FD-4354-A30A-F10C81102F13}.Release|iPhoneSimulator.ActiveCfg = Release|iPhoneSimulator
		{6FB8992C-73FD-4354-A30A-F10C81102F13}.Release|iPhoneSimulator.Build.0 = Release|iPhoneSimulator
		{6FB8992C-73FD-4354-A30A-F10C81102F13}.Release|x64.ActiveCfg = Release|iPhone
		{6FB8992C-73FD-4354-A30A-F10C81102F13}.Release|x86.ActiveCfg = Release|iPhone
		{AA2C925A-A82F-400E-8B84-9F3024A48BA9}.Ad-Hoc|Any CPU.ActiveCfg = Debug|Any CPU
		{AA2C925A-A82F-400E-8B84-9F3024A48BA9}.Ad-Hoc|Any CPU.Build.0 = Debug|Any CPU
		{AA2C925A-A82F-400E-8B84-9F3024A48BA9}.Ad-Hoc|ARM.ActiveCfg = Debug|Any CPU
		{AA2C925A-A82F-400E-8B84-9F3024A48BA9}.Ad-Hoc|ARM.Build.0 = Debug|Any CPU
		{AA2C925A-A82F-400E-8B84-9F3024A48BA9}.Ad-Hoc|iPhone.ActiveCfg = Debug|Any CPU
		{AA2C925A-A82F-400E-8B84-9F3024A48BA9}.Ad-Hoc|iPhone.Build.0 = Debug|Any CPU
		{AA2C925A-A82F-400E-8B84-9F3024A48BA9}.Ad-Hoc|iPhoneSimulator.ActiveCfg = Debug|Any CPU
		{AA2C925A-A82F-400E-8B84-9F3024A48BA9}.Ad-Hoc|iPhoneSimulator.Build.0 = Debug|Any CPU
		{AA2C925A-A82F-400E-8B84-9F3024A48BA9}.Ad-Hoc|x64.ActiveCfg = Debug|Any CPU
		{AA2C925A-A82F-400E-8B84-9F3024A48BA9}.Ad-Hoc|x64.Build.0 = Debug|Any CPU
		{AA2C925A-A82F-400E-8B84-9F3024A48BA9}.Ad-Hoc|x86.ActiveCfg = Debug|Any CPU
		{AA2C925A-A82F-400E-8B84-9F3024A48BA9}.Ad-Hoc|x86.Build.0 = Debug|Any CPU
		{AA2C925A-A82F-400E-8B84-9F3024A48BA9}.AppStore|Any CPU.ActiveCfg = Debug|Any CPU
		{AA2C925A-A82F-400E-8B84-9F3024A48BA9}.AppStore|Any CPU.Build.0 = Debug|Any CPU
		{AA2C925A-A82F-400E-8B84-9F3024A48BA9}.AppStore|ARM.ActiveCfg = Debug|Any CPU
		{AA2C925A-A82F-400E-8B84-9F3024A48BA9}.AppStore|ARM.Build.0 = Debug|Any CPU
		{AA2C925A-A82F-400E-8B84-9F3024A48BA9}.AppStore|iPhone.ActiveCfg = Debug|Any CPU
		{AA2C925A-A82F-400E-8B84-9F3024A48BA9}.AppStore|iPhone.Build.0 = Debug|Any CPU
		{AA2C925A-A82F-400E-8B84-9F3024A48BA9}.AppStore|iPhoneSimulator.ActiveCfg = Debug|Any CPU
		{AA2C925A-A82F-400E-8B84-9F3024A48BA9}.AppStore|iPhoneSimulator.Build.0 = Debug|Any CPU
		{AA2C925A-A82F-400E-8B84-9F3024A48BA9}.AppStore|x64.ActiveCfg = Debug|Any CPU
		{AA2C925A-A82F-400E-8B84-9F3024A48BA9}.AppStore|x64.Build.0 = Debug|Any CPU
		{AA2C925A-A82F-400E-8B84-9F3024A48BA9}.AppStore|x86.ActiveCfg = Debug|Any CPU
		{AA2C925A-A82F-400E-8B84-9F3024A48BA9}.AppStore|x86.Build.0 = Debug|Any CPU
		{AA2C925A-A82F-400E-8B84-9F3024A48BA9}.Debug|Any CPU.ActiveCfg = Debug|Any CPU
		{AA2C925A-A82F-400E-8B84-9F3024A48BA9}.Debug|Any CPU.Build.0 = Debug|Any CPU
		{AA2C925A-A82F-400E-8B84-9F3024A48BA9}.Debug|ARM.ActiveCfg = Debug|Any CPU
		{AA2C925A-A82F-400E-8B84-9F3024A48BA9}.Debug|ARM.Build.0 = Debug|Any CPU
		{AA2C925A-A82F-400E-8B84-9F3024A48BA9}.Debug|iPhone.ActiveCfg = Debug|Any CPU
		{AA2C925A-A82F-400E-8B84-9F3024A48BA9}.Debug|iPhone.Build.0 = Debug|Any CPU
		{AA2C925A-A82F-400E-8B84-9F3024A48BA9}.Debug|iPhoneSimulator.ActiveCfg = Debug|Any CPU
		{AA2C925A-A82F-400E-8B84-9F3024A48BA9}.Debug|iPhoneSimulator.Build.0 = Debug|Any CPU
		{AA2C925A-A82F-400E-8B84-9F3024A48BA9}.Debug|x64.ActiveCfg = Debug|Any CPU
		{AA2C925A-A82F-400E-8B84-9F3024A48BA9}.Debug|x64.Build.0 = Debug|Any CPU
		{AA2C925A-A82F-400E-8B84-9F3024A48BA9}.Debug|x86.ActiveCfg = Debug|Any CPU
		{AA2C925A-A82F-400E-8B84-9F3024A48BA9}.Debug|x86.Build.0 = Debug|Any CPU
		{AA2C925A-A82F-400E-8B84-9F3024A48BA9}.Release|Any CPU.ActiveCfg = Release|Any CPU
		{AA2C925A-A82F-400E-8B84-9F3024A48BA9}.Release|Any CPU.Build.0 = Release|Any CPU
		{AA2C925A-A82F-400E-8B84-9F3024A48BA9}.Release|ARM.ActiveCfg = Release|Any CPU
		{AA2C925A-A82F-400E-8B84-9F3024A48BA9}.Release|ARM.Build.0 = Release|Any CPU
		{AA2C925A-A82F-400E-8B84-9F3024A48BA9}.Release|iPhone.ActiveCfg = Release|Any CPU
		{AA2C925A-A82F-400E-8B84-9F3024A48BA9}.Release|iPhone.Build.0 = Release|Any CPU
		{AA2C925A-A82F-400E-8B84-9F3024A48BA9}.Release|iPhoneSimulator.ActiveCfg = Release|Any CPU
		{AA2C925A-A82F-400E-8B84-9F3024A48BA9}.Release|iPhoneSimulator.Build.0 = Release|Any CPU
		{AA2C925A-A82F-400E-8B84-9F3024A48BA9}.Release|x64.ActiveCfg = Release|Any CPU
		{AA2C925A-A82F-400E-8B84-9F3024A48BA9}.Release|x64.Build.0 = Release|Any CPU
		{AA2C925A-A82F-400E-8B84-9F3024A48BA9}.Release|x86.ActiveCfg = Release|Any CPU
		{AA2C925A-A82F-400E-8B84-9F3024A48BA9}.Release|x86.Build.0 = Release|Any CPU
	EndGlobalSection
	GlobalSection(SolutionProperties) = preSolution
		HideSolutionNode = FALSE
	EndGlobalSection
	GlobalSection(ExtensibilityGlobals) = postSolution
		SolutionGuid = {F463C43B-4840-4A46-85B4-AB1730525D36}
	EndGlobalSection
EndGlobal
